{
  "originHash" : "501b4d13df9db2e33bed64aacb06ab31bb07b1fe604c00381220dfdffadad3d5",
  "pins" : [
    {
      "identity" : "ffmpegkit",
      "kind" : "remoteSourceControl",
      "location" : "https://github.com/kingslay/FFmpegKit.git",
      "state" : {
        "revision" : "c32be9bfb628042737ad3ef622e930c5c7b15954",
        "version" : "6.1.4"
      }
    },
    {
      "identity" : "ksplayer",
      "kind" : "remoteSourceControl",
      "location" : "https://github.com/kingslay/KSPlayer.git",
      "state" : {
        "revision" : "10a40a1c0001d75307ad5922d1d1bc0cb01c89b4"
      }
    }
  ],
  "version" : 3
}
